// !$*UTF8*$!
{
	archiveVersion = 1;
	classes = {
	};
	objectVersion = 77;
	objects = {

/* Begin PBXBuildFile section */
		6701AEB82FC7CFA700A863D2 /* GoogleMaps in Frameworks */ = {isa = PBXBuildFile; productRef = 6701AEB72FC7CFA700A863D2 /* GoogleMaps */; };
		6716A7CB2FBEAE6D009EB2BC /* FirebaseAuth in Frameworks */ = {isa = PBXBuildFile; productRef = 6716A7CA2FBEAE6D009EB2BC /* FirebaseAuth */; };
		6716A7CD2FBEAE6D009EB2BC /* FirebaseFirestore in Frameworks */ = {isa = PBXBuildFile; productRef = 6716A7CC2FBEAE6D009EB2BC /* FirebaseFirestore */; };
		6716A7CF2FBEAE6D009EB2BC /* FirebaseStorage in Frameworks */ = {isa = PBXBuildFile; productRef = 6716A7CE2FBEAE6D009EB2BC /* FirebaseStorage */; };
		672EC4F72FBEB90000DA6FB7 /* GoogleSignIn in Frameworks */ = {isa = PBXBuildFile; productRef = 672EC4F62FBEB90000DA6FB7 /* GoogleSignIn */; };
		672EC4F92FBEB90000DA6FB7 /* GoogleSignInSwift in Frameworks */ = {isa = PBXBuildFile; productRef = 672EC4F82FBEB90000DA6FB7 /* GoogleSignInSwift */; };
/* End PBXBuildFile section */

/* Begin PBXFileReference section */
		6701ADC12FC7D00100A863D2 /* Secrets.xcconfig */ = {isa = PBXFileReference; lastKnownFileType = text.xcconfig; path = Secrets.xcconfig; sourceTree = "<group>"; };
		6716A7B52FBEA977009EB2BC /* matiapu.app */ = {isa = PBXFileReference; explicitFileType = wrapper.application; includeInIndex = 0; path = matiapu.app; sourceTree = BUILT_PRODUCTS_DIR; };
/* End PBXFileReference section */

/* Begin PBXFileSystemSynchronizedRootGroup section */
		6716A7B72FBEA977009EB2BC /* matiapu */ = {
			isa = PBXFileSystemSynchronizedRootGroup;
			path = matiapu;
			sourceTree = "<group>";
		};
/* End PBXFileSystemSynchronizedRootGroup section */

/* Begin PBXFrameworksBuildPhase section */
		6716A7B22FBEA977009EB2BC /* Frameworks */ = {
			isa = PBXFrameworksBuildPhase;
			buildActionMask = 2147483647;
			files = (
				672EC4F92FBEB90000DA6FB7 /* GoogleSignInSwift in Frameworks */,
				6716A7CB2FBEAE6D009EB2BC /* FirebaseAuth in Frameworks */,
				6701AEB82FC7CFA700A863D2 /* GoogleMaps in Frameworks */,
				672EC4F72FBEB90000DA6FB7 /* GoogleSignIn in Frameworks */,
				6716A7CD2FBEAE6D009EB2BC /* FirebaseFirestore in Frameworks */,
				6716A7CF2FBEAE6D009EB2BC /* FirebaseStorage in Frameworks */,
			);
			runOnlyForDeploymentPostprocessing = 0;
		};
/* End PBXFrameworksBuildPhase section */

/* Begin PBXGroup section */
		6716A7AC2FBEA977009EB2BC = {
			isa = PBXGroup;
			children = (
				6701ADC12FC7D00100A863D2 /* Secrets.xcconfig */,
				6716A7B72FBEA977009EB2BC /* matiapu */,
				6716A7B62FBEA977009EB2BC /* Products */,
			);
			sourceTree = "<group>";
		};
		6716A7B62FBEA977009EB2BC /* Products */ = {
			isa = PBXGroup;
			children = (
				6716A7B52FBEA977009EB2BC /* matiapu.app */,
			);
			name = Products;
			sourceTree = "<group>";
		};
/* End PBXGroup section */

/* Begin PBXNativeTarget section */
		6716A7B42FBEA977009EB2BC /* matiapu */ = {
			isa = PBXNativeTarget;
			buildConfigurationList = 6716A7C22FBEA97A009EB2BC /* Build configuration list for PBXNativeTarget "matiapu" */;
			buildPhases = (
				6716A7B12FBEA977009EB2BC /* Sources */,
				6716A7B22FBEA977009EB2BC /* Frameworks */,
				6716A7B32FBEA977009EB2BC /* Resources */,
			);
			buildRules = (
			);
			dependencies = (
			);
			fileSystemSynchronizedGroups = (
				6716A7B72FBEA977009EB2BC /* matiapu */,
			);
			name = matiapu;
			packageProductDependencies = (
				6716A7CA2FBEAE6D009EB2BC /* FirebaseAuth */,
				6716A7CC2FBEAE6D009EB2BC /* FirebaseFirestore */,
				6716A7CE2FBEAE6D009EB2BC /* FirebaseStorage */,
				672EC4F62FBEB90000DA6FB7 /* GoogleSignIn */,
				672EC4F82FBEB90000DA6FB7 /* GoogleSignInSwift */,
				6701AEB72FC7CFA700A863D2 /* GoogleMaps */,
			);
			productName = matiapu;
			productReference = 6716A7B52FBEA977009EB2BC /* matiapu.app */;
			productType = "com.apple.product-type.application";
		};
/* End PBXNativeTarget section */

/* Begin PBXProject section */
		6716A7AD2FBEA977009EB2BC /* Project object */ = {
			isa = PBXProject;
			attributes = {
				BuildIndependentTargetsInParallel = 1;
				LastSwiftUpdateCheck = 2600;
				LastUpgradeCheck = 2600;
				TargetAttributes = {
					6716A7B42FBEA977009EB2BC = {
						CreatedOnToolsVersion = 26.0.1;
					};
				};
			};
			buildConfigurationList = 6716A7B02FBEA977009EB2BC /* Build configuration list for PBXProject "matiapu" */;
			developmentRegion = en;
			hasScannedForEncodings = 0;
			knownRegions = (
				en,
				Base,
			);
			mainGroup = 6716A7AC2FBEA977009EB2BC;
			minimizedProjectReferenceProxies = 1;
			packageReferences = (
				6716A7C92FBEAE6D009EB2BC /* XCRemoteSwiftPackageReference "firebase-ios-sdk" */,
				672EC4F52FBEB90000DA6FB7 /* XCRemoteSwiftPackageReference "GoogleSignIn-iOS" */,
				6701AEB62FC7CFA700A863D2 /* XCRemoteSwiftPackageReference "ios-maps-sdk" */,
			);
			preferredProjectObjectVersion = 77;
			productRefGroup = 6716A7B62FBEA977009EB2BC /* Products */;
			projectDirPath = "";
			projectRoot = "";
			targets = (
				6716A7B42FBEA977009EB2BC /* matiapu */,
			);
		};
/* End PBXProject section */

/* Begin PBXResourcesBuildPhase section */
		6716A7B32FBEA977009EB2BC /* Resources */ = {
			isa = PBXResourcesBuildPhase;
			buildActionMask = 2147483647;
			files = (
			);
			runOnlyForDeploymentPostprocessing = 0;
		};
/* End PBXResourcesBuildPhase section */

/* Begin PBXSourcesBuildPhase section */
		6716A7B12FBEA977009EB2BC /* Sources */ = {
			isa = PBXSourcesBuildPhase;
			buildActionMask = 2147483647;
			files = (
			);
			runOnlyForDeploymentPostprocessing = 0;
		};
/* End PBXSourcesBuildPhase section */

/* Begin XCBuildConfiguration section */
		6716A7C02FBEA97A009EB2BC /* Debug */ = {
			isa = XCBuildConfiguration;
			baseConfigurationReference = 6701ADC12FC7D00100A863D2 /* Secrets.xcconfig */;
			buildSettings = {
				ALWAYS_SEARCH_USER_PATHS = NO;
				ASSETCATALOG_COMPILER_GENERATE_SWIFT_ASSET_SYMBOL_EXTENSIONS = YES;
				CLANG_ANALYZER_NONNULL = YES;
				CLANG_ANALYZER_NUMBER_OBJECT_CONVERSION = YES_AGGRESSIVE;
				CLANG_CXX_LANGUAGE_STANDARD = "gnu++20";
				CLANG_ENABLE_MODULES = YES;
				CLANG_ENABLE_OBJC_ARC = YES;
				CLANG_ENABLE_OBJC_WEAK = YES;
				CLANG_WARN_BLOCK_CAPTURE_AUTORELEASING = YES;
				CLANG_WARN_BOOL_CONVERSION = YES;
				CLANG_WARN_COMMA = YES;
				CLANG_WARN_CONSTANT_CONVERSION = YES;
				CLANG_WARN_DEPRECATED_OBJC_IMPLEMENTATIONS = YES;
				CLANG_WARN_DIRECT_OBJC_ISA_USAGE = YES_ERROR;
				CLANG_WARN_DOCUMENTATION_COMMENTS = YES;
				CLANG_WARN_EMPTY_BODY = YES;
				CLANG_WARN_ENUM_CONVERSION = YES;
				CLANG_WARN_INFINITE_RECURSION = YES;
				CLANG_WARN_INT_CONVERSION = YES;
				CLANG_WARN_NON_LITERAL_NULL_CONVERSION = YES;
				CLANG_WARN_OBJC_IMPLICIT_RETAIN_SELF = YES;
				CLANG_WARN_OBJC_LITERAL_CONVERSION = YES;
				CLANG_WARN_OBJC_ROOT_CLASS = YES_ERROR;
				CLANG_WARN_QUOTED_INCLUDE_IN_FRAMEWORK_HEADER = YES;
				CLANG_WARN_RANGE_LOOP_ANALYSIS = YES;
				CLANG_WARN_STRICT_PROTOTYPES = YES;
				CLANG_WARN_SUSPICIOUS_MOVE = YES;
				CLANG_WARN_UNGUARDED_AVAILABILITY = YES_AGGRESSIVE;
				CLANG_WARN_UNREACHABLE_CODE = YES;
				CLANG_WARN__DUPLICATE_METHOD_MATCH = YES;
				COPY_PHASE_STRIP = NO;
				DEBUG_INFORMATION_FORMAT = dwarf;
				DEVELOPMENT_TEAM = K3BSAX58ZG;
				ENABLE_STRICT_OBJC_MSGSEND = YES;
				ENABLE_TESTABILITY = YES;
				ENABLE_USER_SCRIPT_SANDBOXING = YES;
				GCC_C_LANGUAGE_STANDARD = gnu17;
				GCC_DYNAMIC_NO_PIC = NO;
				GCC_NO_COMMON_BLOCKS = YES;
				GCC_OPTIMIZATION_LEVEL = 0;
				GCC_PREPROCESSOR_DEFINITIONS = (
					"DEBUG=1",
					"$(inherited)",
				);
				GCC_WARN_64_TO_32_BIT_CONVERSION = YES;
				GCC_WARN_ABOUT_RETURN_TYPE = YES_ERROR;
				GCC_WARN_UNDECLARED_SELECTOR = YES;
				GCC_WARN_UNINITIALIZED_AUTOS = YES_AGGRESSIVE;
				GCC_WARN_UNUSED_FUNCTION = YES;
				GCC_WARN_UNUSED_VARIABLE = YES;
				IPHONEOS_DEPLOYMENT_TARGET = 26.0;
				LOCALIZATION_PREFERS_STRING_CATALOGS = YES;
				MTL_ENABLE_DEBUG_INFO = INCLUDE_SOURCE;
				MTL_FAST_MATH = YES;
				ONLY_ACTIVE_ARCH = YES;
				SDKROOT = iphoneos;
				SWIFT_ACTIVE_COMPILATION_CONDITIONS = "DEBUG $(inherited)";
				SWIFT_OPTIMIZATION_LEVEL = "-Onone";
			};
			name = Debug;
		};
		6716A7C12FBEA97A009EB2BC /* Release */ = {
			isa = XCBuildConfiguration;
			baseConfigurationReference = 6701ADC12FC7D00100A863D2 /* Secrets.xcconfig */;
			buildSettings = {
				ALWAYS_SEARCH_USER_PATHS = NO;
				ASSETCATALOG_COMPILER_GENERATE_SWIFT_ASSET_SYMBOL_EXTENSIONS = YES;
				CLANG_ANALYZER_NONNULL = YES;
				CLANG_ANALYZER_NUMBER_OBJECT_CONVERSION = YES_AGGRESSIVE;
				CLANG_CXX_LANGUAGE_STANDARD = "gnu++20";
				CLANG_ENABLE_MODULES = YES;
				CLANG_ENABLE_OBJC_ARC = YES;
				CLANG_ENABLE_OBJC_WEAK = YES;
				CLANG_WARN_BLOCK_CAPTURE_AUTORELEASING = YES;
				CLANG_WARN_BOOL_CONVERSION = YES;
				CLANG_WARN_COMMA = YES;
				CLANG_WARN_CONSTANT_CONVERSION = YES;
				CLANG_WARN_DEPRECATED_OBJC_IMPLEMENTATIONS = YES;
				CLANG_WARN_DIRECT_OBJC_ISA_USAGE = YES_ERROR;
				CLANG_WARN_DOCUMENTATION_COMMENTS = YES;
				CLANG_WARN_EMPTY_BODY = YES;
				CLANG_WARN_ENUM_CONVERSION = YES;
				CLANG_WARN_INFINITE_RECURSION = YES;
				CLANG_WARN_INT_CONVERSION = YES;
				CLANG_WARN_NON_LITERAL_NULL_CONVERSION = YES;
				CLANG_WARN_OBJC_IMPLICIT_RETAIN_SELF = YES;
				CLANG_WARN_OBJC_LITERAL_CONVERSION = YES;
				CLANG_WARN_OBJC_ROOT_CLASS = YES_ERROR;
				CLANG_WARN_QUOTED_INCLUDE_IN_FRAMEWORK_HEADER = YES;
				CLANG_WARN_RANGE_LOOP_ANALYSIS = YES;
				CLANG_WARN_STRICT_PROTOTYPES = YES;
				CLANG_WARN_SUSPICIOUS_MOVE = YES;
				CLANG_WARN_UNGUARDED_AVAILABILITY = YES_AGGRESSIVE;
				CLANG_WARN_UNREACHABLE_CODE = YES;
				CLANG_WARN__DUPLICATE_METHOD_MATCH = YES;
				COPY_PHASE_STRIP = NO;
				DEBUG_INFORMATION_FORMAT = "dwarf-with-dsym";
				DEVELOPMENT_TEAM = K3BSAX58ZG;
				ENABLE_NS_ASSERTIONS = NO;
				ENABLE_STRICT_OBJC_MSGSEND = YES;
				ENABLE_USER_SCRIPT_SANDBOXING = YES;
				GCC_C_LANGUAGE_STANDARD = gnu17;
				GCC_NO_COMMON_BLOCKS = YES;
				GCC_WARN_64_TO_32_BIT_CONVERSION = YES;
				GCC_WARN_ABOUT_RETURN_TYPE = YES_ERROR;
				GCC_WARN_UNDECLARED_SELECTOR = YES;
				GCC_WARN_UNINITIALIZED_AUTOS = YES_AGGRESSIVE;
				GCC_WARN_UNUSED_FUNCTION = YES;
				GCC_WARN_UNUSED_VARIABLE = YES;
				IPHONEOS_DEPLOYMENT_TARGET = 26.0;
				LOCALIZATION_PREFERS_STRING_CATALOGS = YES;
				MTL_ENABLE_DEBUG_INFO = NO;
				MTL_FAST_MATH = YES;
				SDKROOT = iphoneos;
				SWIFT_COMPILATION_MODE = wholemodule;
				VALIDATE_PRODUCT = YES;
			};
			name = Release;
		};
		6716A7C32FBEA97A009EB2BC /* Debug */ = {
			isa = XCBuildConfiguration;
			baseConfigurationReference = 6701ADC12FC7D00100A863D2 /* Secrets.xcconfig */;
			buildSettings = {
				ASSETCATALOG_COMPILER_APPICON_NAME = AppIcon;
				ASSETCATALOG_COMPILER_GLOBAL_ACCENT_COLOR_NAME = AccentColor;
				CODE_SIGN_ENTITLEMENTS = matiapu/matiapu.entitlements;
				CODE_SIGN_STYLE = Automatic;
				CURRENT_PROJECT_VERSION = 1;
				DEVELOPMENT_TEAM = K3BSAX58ZG;
				ENABLE_PREVIEWS = YES;
				GENERATE_INFOPLIST_FILE = YES;
				INFOPLIST_FILE = Info.plist;
				INFOPLIST_KEY_NSCameraUsageDescription = "投稿用の写真を撮影するためにカメラへのアクセスが必要です。";
				INFOPLIST_KEY_NSLocationWhenInUseUsageDescription = "投稿の位置情報をマップのピンとして保存するために位置情報へのアクセスが必要です。";
				INFOPLIST_KEY_UIApplicationSceneManifest_Generation = YES;
				INFOPLIST_KEY_UIApplicationSupportsIndirectInputEvents = YES;
				INFOPLIST_KEY_UILaunchScreen_Generation = YES;
				INFOPLIST_KEY_UISupportedInterfaceOrientations_iPad = "UIInterfaceOrientationPortrait UIInterfaceOrientationPortraitUpsideDown UIInterfaceOrientationLandscapeLeft UIInterfaceOrientationLandscapeRight";
				INFOPLIST_KEY_UISupportedInterfaceOrientations_iPhone = "UIInterfaceOrientationPortrait UIInterfaceOrientationLandscapeLeft UIInterfaceOrientationLandscapeRight";
				LD_RUNPATH_SEARCH_PATHS = (
					"$(inherited)",
					"@executable_path/Frameworks",
				);
				MARKETING_VERSION = 1.0;
				PRODUCT_BUNDLE_IDENTIFIER = com.minato.matiapu;
				PRODUCT_NAME = "$(TARGET_NAME)";
				STRING_CATALOG_GENERATE_SYMBOLS = YES;
				SWIFT_APPROACHABLE_CONCURRENCY = YES;
				SWIFT_DEFAULT_ACTOR_ISOLATION = MainActor;
				SWIFT_EMIT_LOC_STRINGS = YES;
				SWIFT_UPCOMING_FEATURE_MEMBER_IMPORT_VISIBILITY = YES;
				SWIFT_VERSION = 5.0;
				TARGETED_DEVICE_FAMILY = "1,2";
			};
			name = Debug;
		};
		6716A7C42FBEA97A009EB2BC /* Release */ = {
			isa = XCBuildConfiguration;
			baseConfigurationReference = 6701ADC12FC7D00100A863D2 /* Secrets.xcconfig */;
			buildSettings = {
				ASSETCATALOG_COMPILER_APPICON_NAME = AppIcon;
				ASSETCATALOG_COMPILER_GLOBAL_ACCENT_COLOR_NAME = AccentColor;
				CODE_SIGN_ENTITLEMENTS = matiapu/matiapu.entitlements;
				CODE_SIGN_STYLE = Automatic;
				CURRENT_PROJECT_VERSION = 1;
				DEVELOPMENT_TEAM = K3BSAX58ZG;
				ENABLE_PREVIEWS = YES;
				GENERATE_INFOPLIST_FILE = YES;
				INFOPLIST_FILE = Info.plist;
				INFOPLIST_KEY_NSCameraUsageDescription = "投稿用の写真を撮影するためにカメラへのアクセスが必要です。";
				INFOPLIST_KEY_NSLocationWhenInUseUsageDescription = "投稿の位置情報をマップのピンとして保存するために位置情報へのアクセスが必要です。";
				INFOPLIST_KEY_UIApplicationSceneManifest_Generation = YES;
				INFOPLIST_KEY_UIApplicationSupportsIndirectInputEvents = YES;
				INFOPLIST_KEY_UILaunchScreen_Generation = YES;
				INFOPLIST_KEY_UISupportedInterfaceOrientations_iPad = "UIInterfaceOrientationPortrait UIInterfaceOrientationPortraitUpsideDown UIInterfaceOrientationLandscapeLeft UIInterfaceOrientationLandscapeRight";
				INFOPLIST_KEY_UISupportedInterfaceOrientations_iPhone = "UIInterfaceOrientationPortrait UIInterfaceOrientationLandscapeLeft UIInterfaceOrientationLandscapeRight";
				LD_RUNPATH_SEARCH_PATHS = (
					"$(inherited)",
					"@executable_path/Frameworks",
				);
				MARKETING_VERSION = 1.0;
				PRODUCT_BUNDLE_IDENTIFIER = com.minato.matiapu;
				PRODUCT_NAME = "$(TARGET_NAME)";
				STRING_CATALOG_GENERATE_SYMBOLS = YES;
				SWIFT_APPROACHABLE_CONCURRENCY = YES;
				SWIFT_DEFAULT_ACTOR_ISOLATION = MainActor;
				SWIFT_EMIT_LOC_STRINGS = YES;
				SWIFT_UPCOMING_FEATURE_MEMBER_IMPORT_VISIBILITY = YES;
				SWIFT_VERSION = 5.0;
				TARGETED_DEVICE_FAMILY = "1,2";
			};
			name = Release;
		};
/* End XCBuildConfiguration section */

/* Begin XCConfigurationList section */
		6716A7B02FBEA977009EB2BC /* Build configuration list for PBXProject "matiapu" */ = {
			isa = XCConfigurationList;
			buildConfigurations = (
				6716A7C02FBEA97A009EB2BC /* Debug */,
				6716A7C12FBEA97A009EB2BC /* Release */,
			);
			defaultConfigurationIsVisible = 0;
			defaultConfigurationName = Release;
		};
		6716A7C22FBEA97A009EB2BC /* Build configuration list for PBXNativeTarget "matiapu" */ = {
			isa = XCConfigurationList;
			buildConfigurations = (
				6716A7C32FBEA97A009EB2BC /* Debug */,
				6716A7C42FBEA97A009EB2BC /* Release */,
			);
			defaultConfigurationIsVisible = 0;
			defaultConfigurationName = Release;
		};
/* End XCConfigurationList section */

/* Begin XCRemoteSwiftPackageReference section */
		6701AEB62FC7CFA700A863D2 /* XCRemoteSwiftPackageReference "ios-maps-sdk" */ = {
			isa = XCRemoteSwiftPackageReference;
			repositoryURL = "https://github.com/googlemaps/ios-maps-sdk";
			requirement = {
				kind = upToNextMajorVersion;
				minimumVersion = 10.13.0;
			};
		};
		6716A7C92FBEAE6D009EB2BC /* XCRemoteSwiftPackageReference "firebase-ios-sdk" */ = {
			isa = XCRemoteSwiftPackageReference;
			repositoryURL = "https://github.com/firebase/firebase-ios-sdk";
			requirement = {
				kind = upToNextMajorVersion;
				minimumVersion = 12.13.0;
			};
		};
		672EC4F52FBEB90000DA6FB7 /* XCRemoteSwiftPackageReference "GoogleSignIn-iOS" */ = {
			isa = XCRemoteSwiftPackageReference;
			repositoryURL = "https://github.com/google/GoogleSignIn-iOS.git";
			requirement = {
				kind = upToNextMajorVersion;
				minimumVersion = 9.1.0;
			};
		};
/* End XCRemoteSwiftPackageReference section */

/* Begin XCSwiftPackageProductDependency section */
		6701AEB72FC7CFA700A863D2 /* GoogleMaps */ = {
			isa = XCSwiftPackageProductDependency;
			package = 6701AEB62FC7CFA700A863D2 /* XCRemoteSwiftPackageReference "ios-maps-sdk" */;
			productName = GoogleMaps;
		};
		6716A7CA2FBEAE6D009EB2BC /* FirebaseAuth */ = {
			isa = XCSwiftPackageProductDependency;
			package = 6716A7C92FBEAE6D009EB2BC /* XCRemoteSwiftPackageReference "firebase-ios-sdk" */;
			productName = FirebaseAuth;
		};
		6716A7CC2FBEAE6D009EB2BC /* FirebaseFirestore */ = {
			isa = XCSwiftPackageProductDependency;
			package = 6716A7C92FBEAE6D009EB2BC /* XCRemoteSwiftPackageReference "firebase-ios-sdk" */;
			productName = FirebaseFirestore;
		};
		6716A7CE2FBEAE6D009EB2BC /* FirebaseStorage */ = {
			isa = XCSwiftPackageProductDependency;
			package = 6716A7C92FBEAE6D009EB2BC /* XCRemoteSwiftPackageReference "firebase-ios-sdk" */;
			productName = FirebaseStorage;
		};
		672EC4F62FBEB90000DA6FB7 /* GoogleSignIn */ = {
			isa = XCSwiftPackageProductDependency;
			package = 672EC4F52FBEB90000DA6FB7 /* XCRemoteSwiftPackageReference "GoogleSignIn-iOS" */;
			productName = GoogleSignIn;
		};
		672EC4F82FBEB90000DA6FB7 /* GoogleSignInSwift */ = {
			isa = XCSwiftPackageProductDependency;
			package = 672EC4F52FBEB90000DA6FB7 /* XCRemoteSwiftPackageReference "GoogleSignIn-iOS" */;
			productName = GoogleSignInSwift;
		};
/* End XCSwiftPackageProductDependency section */
	};
	rootObject = 6716A7AD2FBEA977009EB2BC /* Project object */;
}
